
Microsoft Visual Studio Solution File, Format Version 12.00
# Visual Studio Version 17
VisualStudioVersion = 17.6.33801.468
MinimumVisualStudioVersion = 10.0.40219.1
Project("{9A19103F-16F7-4668-BE54-9A1E7A4F7556}") = "Minotaur", "Minotaur\Minotaur.csproj", "{2466C122-CA76-48D3-BC89-DD452E17257A}"
	ProjectSection(ProjectDependencies) = postProject
		{5D90F67F-D1CA-404A-8949-F64EA28CE48F} = {5D90F67F-D1CA-404A-8949-F64EA28CE48F}
		{811EE1DE-5D48-4AE9-BBBF-9D2823249CC5} = {811EE1DE-5D48-4AE9-BBBF-9D2823249CC5}
	EndProjectSection
EndProject
Project("{9A19103F-16F7-4668-BE54-9A1E7A4F7556}") = "Minotaur.DataAccess", "Minotaur.DataBase\Minotaur.DataAccess.csproj", "{811EE1DE-5D48-4AE9-BBBF-9D2823249CC5}"
EndProject
Project("{9A19103F-16F7-4668-BE54-9A1E7A4F7556}") = "Minotaur.Models", "Minotaur.Models\Minotaur.Models.csproj", "{5D90F67F-D1CA-404A-8949-F64EA28CE48F}"
EndProject
Project("{9A19103F-16F7-4668-BE54-9A1E7A4F7556}") = "Minotaur.Utility", "Minotaur.Utility\Minotaur.Utility.csproj", "{CE0250F8-78D4-4727-A651-C85DEE2E6304}"
EndProject
Project("{FAE04EC0-301F-11D3-BF4B-00C04F79EFBC}") = "Minotaur.TelegramBot", "Minotaur.TelegramBot\Minotaur.TelegramBot.csproj", "{860E89E0-12CF-4152-A247-DF53B497FDDA}"
EndProject
Global
	GlobalSection(SolutionConfigurationPlatforms) = preSolution
		Debug|Any CPU = Debug|Any CPU
		Release|Any CPU = Release|Any CPU
	EndGlobalSection
	GlobalSection(ProjectConfigurationPlatforms) = postSolution
		{2466C122-CA76-48D3-BC89-DD452E17257A}.Debug|Any CPU.ActiveCfg = Debug|Any CPU
		{2466C122-CA76-48D3-BC89-DD452E17257A}.Debug|Any CPU.Build.0 = Debug|Any CPU
		{2466C122-CA76-48D3-BC89-DD452E17257A}.Release|Any CPU.ActiveCfg = Release|Any CPU
		{2466C122-CA76-48D3-BC89-DD452E17257A}.Release|Any CPU.Build.0 = Release|Any CPU
		{811EE1DE-5D48-4AE9-BBBF-9D2823249CC5}.Debug|Any CPU.ActiveCfg = Debug|Any CPU
		{811EE1DE-5D48-4AE9-BBBF-9D2823249CC5}.Debug|Any CPU.Build.0 = Debug|Any CPU
		{811EE1DE-5D48-4AE9-BBBF-9D2823249CC5}.Release|Any CPU.ActiveCfg = Release|Any CPU
		{811EE1DE-5D48-4AE9-BBBF-9D2823249CC5}.Release|Any CPU.Build.0 = Release|Any CPU
		{5D90F67F-D1CA-404A-8949-F64EA28CE48F}.Debug|Any CPU.ActiveCfg = Debug|Any CPU
		{5D90F67F-D1CA-404A-8949-F64EA28CE48F}.Debug|Any CPU.Build.0 = Debug|Any CPU
		{5D90F67F-D1CA-404A-8949-F64EA28CE48F}.Release|Any CPU.ActiveCfg = Release|Any CPU
		{5D90F67F-D1CA-404A-8949-F64EA28CE48F}.Release|Any CPU.Build.0 = Release|Any CPU
		{CE0250F8-78D4-4727-A651-C85DEE2E6304}.Debug|Any CPU.ActiveCfg = Debug|Any CPU
		{CE0250F8-78D4-4727-A651-C85DEE2E6304}.Debug|Any CPU.Build.0 = Debug|Any CPU
		{CE0250F8-78D4-4727-A651-C85DEE2E6304}.Release|Any CPU.ActiveCfg = Release|Any CPU
		{CE0250F8-78D4-4727-A651-C85DEE2E6304}.Release|Any CPU.Build.0 = Release|Any CPU
		{860E89E0-12CF-4152-A247-DF53B497FDDA}.Debug|Any CPU.ActiveCfg = Debug|Any CPU
		{860E89E0-12CF-4152-A247-DF53B497FDDA}.Debug|Any CPU.Build.0 = Debug|Any CPU
		{860E89E0-12CF-4152-A247-DF53B497FDDA}.Release|Any CPU.ActiveCfg = Release|Any CPU
		{860E89E0-12CF-4152-A247-DF53B497FDDA}.Release|Any CPU.Build.0 = Release|Any CPU
	EndGlobalSection
	GlobalSection(SolutionProperties) = preSolution
		HideSolutionNode = FALSE
	EndGlobalSection
	GlobalSection(ExtensibilityGlobals) = postSolution
		SolutionGuid = {A4DC17CF-2153-490B-9B2A-67E6D096F169}
	EndGlobalSection
EndGlobal
